
Microsoft Visual Studio Solution File, Format Version 12.00
# Visual Studio 15
VisualStudioVersion = 15.0.28010.2036
MinimumVisualStudioVersion = 10.0.40219.1
Project("{FAE04EC0-301F-11D3-BF4B-00C04F79EFBC}") = "IOTForm", "IOTForm\IOTForm.csproj", "{EF8E96EE-2F46-4307-86CC-6B5B7A7423FE}"
EndProject
Global
	GlobalSection(SolutionConfigurationPlatforms) = preSolution
		Debug|Any CPU = Debug|Any CPU
		Release|Any CPU = Release|Any CPU
	EndGlobalSection
	GlobalSection(ProjectConfigurationPlatforms) = postSolution
		{EF8E96EE-2F46-4307-86CC-6B5B7A7423FE}.Debug|Any CPU.ActiveCfg = Debug|Any CPU
		{EF8E96EE-2F46-4307-86CC-6B5B7A7423FE}.Debug|Any CPU.Build.0 = Debug|Any CPU
		{EF8E96EE-2F46-4307-86CC-6B5B7A7423FE}.Release|Any CPU.ActiveCfg = Release|Any CPU
		{EF8E96EE-2F46-4307-86CC-6B5B7A7423FE}.Release|Any CPU.Build.0 = Release|Any CPU
	EndGlobalSection
	GlobalSection(SolutionProperties) = preSolution
		HideSolutionNode = FALSE
	EndGlobalSection
	GlobalSection(ExtensibilityGlobals) = postSolution
		SolutionGuid = {1AF45226-7D5A-478D-99BE-368C458B8F44}
	EndGlobalSection
EndGlobal
